
Microsoft Visual Studio Solution File, Format Version 12.00
# Visual Studio Version 17
VisualStudioVersion = 17.9.34728.123
MinimumVisualStudioVersion = 10.0.40219.1
Project("{FAE04EC0-301F-11D3-BF4B-00C04F79EFBC}") = "Speaker-Measurement", "Speaker-Measurement.csproj", "{B0DF7662-4644-4E22-8F2A-E58DD9CD7360}"
EndProject
Global
	GlobalSection(SolutionConfigurationPlatforms) = preSolution
		Debug|Any CPU = Debug|Any CPU
		Release|Any CPU = Release|Any CPU
	EndGlobalSection
	GlobalSection(ProjectConfigurationPlatforms) = postSolution
		{B0DF7662-4644-4E22-8F2A-E58DD9CD7360}.Debug|Any CPU.ActiveCfg = Debug|Any CPU
		{B0DF7662-4644-4E22-8F2A-E58DD9CD7360}.Debug|Any CPU.Build.0 = Debug|Any CPU
		{B0DF7662-4644-4E22-8F2A-E58DD9CD7360}.Release|Any CPU.ActiveCfg = Release|Any CPU
		{B0DF7662-4644-4E22-8F2A-E58DD9CD7360}.Release|Any CPU.Build.0 = Release|Any CPU
	EndGlobalSection
	GlobalSection(SolutionProperties) = preSolution
		HideSolutionNode = FALSE
	EndGlobalSection
	GlobalSection(ExtensibilityGlobals) = postSolution
		SolutionGuid = {14F5E51E-EFE8-4BBE-B3F1-77A051A93B1D}
	EndGlobalSection
EndGlobal
